{
  "name": "sleep-mcp",
  "lockfileVersion": 3,
  "requires": true,
  "packages": {
    "": {
      "dependencies": {
        "with-mcp": "0.0.17"
      }
    },
    "node_modules/with-mcp": {
      "version": "0.0.17",
      "resolved": "https://registry.npmjs.org/with-mcp/-/with-mcp-0.0.17.tgz",
      "integrity": "sha512-oBmAqTVFG1EgSZhWf7KiCVOC4gcW6PfKPnPpFxwgLFcelPpVV5vkOlHwKjTn5xCKCj5S0F8oQX9taSyiLy8KgA=="
    }
  }
}
