{
  "name": "search-mcp-proxy",
  "lockfileVersion": 3,
  "requires": true,
  "packages": {
    "": {
      "dependencies": {
        "simplerauth-client": "0.0.14"
      }
    },
    "node_modules/simplerauth-client": {
      "version": "0.0.14",
      "resolved": "https://registry.npmjs.org/simplerauth-client/-/simplerauth-client-0.0.14.tgz",
      "integrity": "sha512-stSjdIiRqfdR6OIehzPySHcwhEydPNHS9tHrTpAWmy56wXZ+TrF+L1IvzzNc35mc8o3vIfIbG9nb10HxbqLzwQ=="
    }
  }
}
